
Microsoft Visual Studio Solution File, Format Version 12.00
# Visual Studio Version 17
VisualStudioVersion = 17.2.32616.157
MinimumVisualStudioVersion = 10.0.40219.1
Project("{FAE04EC0-301F-11D3-BF4B-00C04F79EFBC}") = "Winform_4_homework5", "Winform_4_homework5\Winform_4_homework5.csproj", "{305567A4-0D5A-4AF1-956E-66097A41B804}"
EndProject
Global
	GlobalSection(SolutionConfigurationPlatforms) = preSolution
		Debug|Any CPU = Debug|Any CPU
		Release|Any CPU = Release|Any CPU
	EndGlobalSection
	GlobalSection(ProjectConfigurationPlatforms) = postSolution
		{305567A4-0D5A-4AF1-956E-66097A41B804}.Debug|Any CPU.ActiveCfg = Debug|Any CPU
		{305567A4-0D5A-4AF1-956E-66097A41B804}.Debug|Any CPU.Build.0 = Debug|Any CPU
		{305567A4-0D5A-4AF1-956E-66097A41B804}.Release|Any CPU.ActiveCfg = Release|Any CPU
		{305567A4-0D5A-4AF1-956E-66097A41B804}.Release|Any CPU.Build.0 = Release|Any CPU
	EndGlobalSection
	GlobalSection(SolutionProperties) = preSolution
		HideSolutionNode = FALSE
	EndGlobalSection
	GlobalSection(ExtensibilityGlobals) = postSolution
		SolutionGuid = {173E9811-4B55-40E3-849F-7ECD4E328D7F}
	EndGlobalSection
EndGlobal
